
Microsoft Visual Studio Solution File, Format Version 12.00
# Visual Studio Version 17
VisualStudioVersion = 17.11.35222.181
MinimumVisualStudioVersion = 10.0.40219.1
Project("{FAE04EC0-301F-11D3-BF4B-00C04F79EFBC}") = "LabaOOP7.3", "LabaOOP7.3.csproj", "{9A25E47C-74A5-4DE8-815E-21E826A12370}"
EndProject
Global
	GlobalSection(SolutionConfigurationPlatforms) = preSolution
		Debug|Any CPU = Debug|Any CPU
		Release|Any CPU = Release|Any CPU
	EndGlobalSection
	GlobalSection(ProjectConfigurationPlatforms) = postSolution
		{9A25E47C-74A5-4DE8-815E-21E826A12370}.Debug|Any CPU.ActiveCfg = Debug|Any CPU
		{9A25E47C-74A5-4DE8-815E-21E826A12370}.Debug|Any CPU.Build.0 = Debug|Any CPU
		{9A25E47C-74A5-4DE8-815E-21E826A12370}.Release|Any CPU.ActiveCfg = Release|Any CPU
		{9A25E47C-74A5-4DE8-815E-21E826A12370}.Release|Any CPU.Build.0 = Release|Any CPU
	EndGlobalSection
	GlobalSection(SolutionProperties) = preSolution
		HideSolutionNode = FALSE
	EndGlobalSection
	GlobalSection(ExtensibilityGlobals) = postSolution
		SolutionGuid = {53BB59F4-8B72-4199-B04C-D13FE952F9DB}
	EndGlobalSection
EndGlobal
